// !$*UTF8*$!
{
	archiveVersion = 1;
	classes = {
	};
	objectVersion = 51;
	objects = {

/* Begin PBXBuildFile section */
		20536D0C5056CF539C9BC912 /* Pods_KnowFactsTests.framework in Frameworks */ = {isa = PBXBuildFile; fileRef = FB09CB9BA094F83B6363371C /* Pods_KnowFactsTests.framework */; };
		2222C64E2517922000FEC0E6 /* KF_HomeVMTests.swift in Sources */ = {isa = PBXBuildFile; fileRef = 2222C64D2517922000FEC0E6 /* KF_HomeVMTests.swift */; };
		2222C650251792E300FEC0E6 /* KF_HomeCellTests.swift in Sources */ = {isa = PBXBuildFile; fileRef = 2222C64F251792E300FEC0E6 /* KF_HomeCellTests.swift */; };
		2274732125175C3A00AB7708 /* AppDelegate.swift in Sources */ = {isa = PBXBuildFile; fileRef = 2274732025175C3A00AB7708 /* AppDelegate.swift */; };
		2274732A25175C4400AB7708 /* Assets.xcassets in Resources */ = {isa = PBXBuildFile; fileRef = 2274732925175C4400AB7708 /* Assets.xcassets */; };
		2274732D25175C4400AB7708 /* LaunchScreen.storyboard in Resources */ = {isa = PBXBuildFile; fileRef = 2274732B25175C4400AB7708 /* LaunchScreen.storyboard */; };
		22747347251760B600AB7708 /* KF_HomeVC.swift in Sources */ = {isa = PBXBuildFile; fileRef = 22747346251760B600AB7708 /* KF_HomeVC.swift */; };
		227473492517611D00AB7708 /* KF_HomeCell.swift in Sources */ = {isa = PBXBuildFile; fileRef = 227473482517611D00AB7708 /* KF_HomeCell.swift */; };
		2274734E251761D600AB7708 /* UIView+Constraints.swift in Sources */ = {isa = PBXBuildFile; fileRef = 2274734D251761D600AB7708 /* UIView+Constraints.swift */; };
		227473502517620C00AB7708 /* Constants.swift in Sources */ = {isa = PBXBuildFile; fileRef = 2274734F2517620C00AB7708 /* Constants.swift */; };
		227473572517759800AB7708 /* KF_HomeVM.swift in Sources */ = {isa = PBXBuildFile; fileRef = 227473532517759800AB7708 /* KF_HomeVM.swift */; };
		227473582517759800AB7708 /* FactsData.swift in Sources */ = {isa = PBXBuildFile; fileRef = 227473552517759800AB7708 /* FactsData.swift */; };
		227473592517759800AB7708 /* Fact.swift in Sources */ = {isa = PBXBuildFile; fileRef = 227473562517759800AB7708 /* Fact.swift */; };
		22C9FD8825177DE7003A4CEF /* Reachability.swift in Sources */ = {isa = PBXBuildFile; fileRef = 22C9FD8725177DE7003A4CEF /* Reachability.swift */; };
		22C9FD8A25177E33003A4CEF /* Helper.swift in Sources */ = {isa = PBXBuildFile; fileRef = 22C9FD8925177E33003A4CEF /* Helper.swift */; };
		22C9FD8C25177E63003A4CEF /* APIManager.swift in Sources */ = {isa = PBXBuildFile; fileRef = 22C9FD8B25177E63003A4CEF /* APIManager.swift */; };
		22C9FD8E25178EA4003A4CEF /* APIStub.swift in Sources */ = {isa = PBXBuildFile; fileRef = 22C9FD8D25178EA4003A4CEF /* APIStub.swift */; };
		22C9FD9025178ED1003A4CEF /* APIManagerTests.swift in Sources */ = {isa = PBXBuildFile; fileRef = 22C9FD8F25178ED1003A4CEF /* APIManagerTests.swift */; };
		22C9FD952517906C003A4CEF /* InvalidResponse.json in Resources */ = {isa = PBXBuildFile; fileRef = 22C9FD942517906C003A4CEF /* InvalidResponse.json */; };
		22C9FD9825179117003A4CEF /* APIResponse.json in Resources */ = {isa = PBXBuildFile; fileRef = 22C9FD9725179117003A4CEF /* APIResponse.json */; };
		B825B0A77057EA7D2F3D6B3B /* Pods_KnowFacts.framework in Frameworks */ = {isa = PBXBuildFile; fileRef = 297AEC3D46F99BC071A723F3 /* Pods_KnowFacts.framework */; };
/* End PBXBuildFile section */

/* Begin PBXContainerItemProxy section */
		2274733425175C4500AB7708 /* PBXContainerItemProxy */ = {
			isa = PBXContainerItemProxy;
			containerPortal = 2274731525175C3A00AB7708 /* Project object */;
			proxyType = 1;
			remoteGlobalIDString = 2274731C25175C3A00AB7708;
			remoteInfo = KnowFacts;
		};
/* End PBXContainerItemProxy section */

/* Begin PBXFileReference section */
		1B3FA38E4B3D1CB7DF61AE45 /* Pods-KnowFactsTests.debug.xcconfig */ = {isa = PBXFileReference; includeInIndex = 1; lastKnownFileType = text.xcconfig; name = "Pods-KnowFactsTests.debug.xcconfig"; path = "Target Support Files/Pods-KnowFactsTests/Pods-KnowFactsTests.debug.xcconfig"; sourceTree = "<group>"; };
		2222C64D2517922000FEC0E6 /* KF_HomeVMTests.swift */ = {isa = PBXFileReference; lastKnownFileType = sourcecode.swift; path = KF_HomeVMTests.swift; sourceTree = "<group>"; };
		2222C64F251792E300FEC0E6 /* KF_HomeCellTests.swift */ = {isa = PBXFileReference; lastKnownFileType = sourcecode.swift; path = KF_HomeCellTests.swift; sourceTree = "<group>"; };
		2274731D25175C3A00AB7708 /* KnowFacts.app */ = {isa = PBXFileReference; explicitFileType = wrapper.application; includeInIndex = 0; path = KnowFacts.app; sourceTree = BUILT_PRODUCTS_DIR; };
		2274732025175C3A00AB7708 /* AppDelegate.swift */ = {isa = PBXFileReference; lastKnownFileType = sourcecode.swift; path = AppDelegate.swift; sourceTree = "<group>"; };
		2274732925175C4400AB7708 /* Assets.xcassets */ = {isa = PBXFileReference; lastKnownFileType = folder.assetcatalog; path = Assets.xcassets; sourceTree = "<group>"; };
		2274732C25175C4400AB7708 /* Base */ = {isa = PBXFileReference; lastKnownFileType = file.storyboard; name = Base; path = Base.lproj/LaunchScreen.storyboard; sourceTree = "<group>"; };
		2274732E25175C4400AB7708 /* Info.plist */ = {isa = PBXFileReference; lastKnownFileType = text.plist.xml; path = Info.plist; sourceTree = "<group>"; };
		2274733325175C4500AB7708 /* KnowFactsTests.xctest */ = {isa = PBXFileReference; explicitFileType = wrapper.cfbundle; includeInIndex = 0; path = KnowFactsTests.xctest; sourceTree = BUILT_PRODUCTS_DIR; };
		2274733925175C4500AB7708 /* Info.plist */ = {isa = PBXFileReference; lastKnownFileType = text.plist.xml; path = Info.plist; sourceTree = "<group>"; };
		22747346251760B600AB7708 /* KF_HomeVC.swift */ = {isa = PBXFileReference; lastKnownFileType = sourcecode.swift; path = KF_HomeVC.swift; sourceTree = "<group>"; };
		227473482517611D00AB7708 /* KF_HomeCell.swift */ = {isa = PBXFileReference; lastKnownFileType = sourcecode.swift; path = KF_HomeCell.swift; sourceTree = "<group>"; };
		2274734D251761D600AB7708 /* UIView+Constraints.swift */ = {isa = PBXFileReference; lastKnownFileType = sourcecode.swift; path = "UIView+Constraints.swift"; sourceTree = "<group>"; };
		2274734F2517620C00AB7708 /* Constants.swift */ = {isa = PBXFileReference; lastKnownFileType = sourcecode.swift; path = Constants.swift; sourceTree = "<group>"; };
		227473532517759800AB7708 /* KF_HomeVM.swift */ = {isa = PBXFileReference; fileEncoding = 4; lastKnownFileType = sourcecode.swift; path = KF_HomeVM.swift; sourceTree = "<group>"; };
		227473552517759800AB7708 /* FactsData.swift */ = {isa = PBXFileReference; fileEncoding = 4; lastKnownFileType = sourcecode.swift; path = FactsData.swift; sourceTree = "<group>"; };
		227473562517759800AB7708 /* Fact.swift */ = {isa = PBXFileReference; fileEncoding = 4; lastKnownFileType = sourcecode.swift; path = Fact.swift; sourceTree = "<group>"; };
		22C9FD8725177DE7003A4CEF /* Reachability.swift */ = {isa = PBXFileReference; lastKnownFileType = sourcecode.swift; path = Reachability.swift; sourceTree = "<group>"; };
		22C9FD8925177E33003A4CEF /* Helper.swift */ = {isa = PBXFileReference; lastKnownFileType = sourcecode.swift; path = Helper.swift; sourceTree = "<group>"; };
		22C9FD8B25177E63003A4CEF /* APIManager.swift */ = {isa = PBXFileReference; lastKnownFileType = sourcecode.swift; path = APIManager.swift; sourceTree = "<group>"; };
		22C9FD8D25178EA4003A4CEF /* APIStub.swift */ = {isa = PBXFileReference; lastKnownFileType = sourcecode.swift; path = APIStub.swift; sourceTree = "<group>"; };
		22C9FD8F25178ED1003A4CEF /* APIManagerTests.swift */ = {isa = PBXFileReference; lastKnownFileType = sourcecode.swift; path = APIManagerTests.swift; sourceTree = "<group>"; };
		22C9FD942517906C003A4CEF /* InvalidResponse.json */ = {isa = PBXFileReference; lastKnownFileType = text.json; path = InvalidResponse.json; sourceTree = "<group>"; };
		22C9FD9725179117003A4CEF /* APIResponse.json */ = {isa = PBXFileReference; lastKnownFileType = text.json; path = APIResponse.json; sourceTree = "<group>"; };
		297AEC3D46F99BC071A723F3 /* Pods_KnowFacts.framework */ = {isa = PBXFileReference; explicitFileType = wrapper.framework; includeInIndex = 0; path = Pods_KnowFacts.framework; sourceTree = BUILT_PRODUCTS_DIR; };
		40BD3CE3807920433AD9E9D2 /* Pods-KnowFacts.debug.xcconfig */ = {isa = PBXFileReference; includeInIndex = 1; lastKnownFileType = text.xcconfig; name = "Pods-KnowFacts.debug.xcconfig"; path = "Target Support Files/Pods-KnowFacts/Pods-KnowFacts.debug.xcconfig"; sourceTree = "<group>"; };
		BA5CF2B07365757C207DB979 /* Pods-KnowFacts.release.xcconfig */ = {isa = PBXFileReference; includeInIndex = 1; lastKnownFileType = text.xcconfig; name = "Pods-KnowFacts.release.xcconfig"; path = "Target Support Files/Pods-KnowFacts/Pods-KnowFacts.release.xcconfig"; sourceTree = "<group>"; };
		C89A2F4BFE09CE74ECB613F7 /* Pods-KnowFactsTests.release.xcconfig */ = {isa = PBXFileReference; includeInIndex = 1; lastKnownFileType = text.xcconfig; name = "Pods-KnowFactsTests.release.xcconfig"; path = "Target Support Files/Pods-KnowFactsTests/Pods-KnowFactsTests.release.xcconfig"; sourceTree = "<group>"; };
		FB09CB9BA094F83B6363371C /* Pods_KnowFactsTests.framework */ = {isa = PBXFileReference; explicitFileType = wrapper.framework; includeInIndex = 0; path = Pods_KnowFactsTests.framework; sourceTree = BUILT_PRODUCTS_DIR; };
/* End PBXFileReference section */

/* Begin PBXFrameworksBuildPhase section */
		2274731A25175C3A00AB7708 /* Frameworks */ = {
			isa = PBXFrameworksBuildPhase;
			buildActionMask = 2147483647;
			files = (
				B825B0A77057EA7D2F3D6B3B /* Pods_KnowFacts.framework in Frameworks */,
			);
			runOnlyForDeploymentPostprocessing = 0;
		};
		2274733025175C4500AB7708 /* Frameworks */ = {
			isa = PBXFrameworksBuildPhase;
			buildActionMask = 2147483647;
			files = (
				20536D0C5056CF539C9BC912 /* Pods_KnowFactsTests.framework in Frameworks */,
			);
			runOnlyForDeploymentPostprocessing = 0;
		};
/* End PBXFrameworksBuildPhase section */

/* Begin PBXGroup section */
		2222C64B251791E900FEC0E6 /* ModuleTests */ = {
			isa = PBXGroup;
			children = (
				2222C64C251791FE00FEC0E6 /* KF_Home */,
			);
			path = ModuleTests;
			sourceTree = "<group>";
		};
		2222C64C251791FE00FEC0E6 /* KF_Home */ = {
			isa = PBXGroup;
			children = (
				2222C64D2517922000FEC0E6 /* KF_HomeVMTests.swift */,
				2222C64F251792E300FEC0E6 /* KF_HomeCellTests.swift */,
			);
			path = KF_Home;
			sourceTree = "<group>";
		};
		2274731425175C3A00AB7708 = {
			isa = PBXGroup;
			children = (
				2274731F25175C3A00AB7708 /* KnowFacts */,
				2274733625175C4500AB7708 /* KnowFactsTests */,
				2274731E25175C3A00AB7708 /* Products */,
				E23B1CE6A8A0949742BDB3B6 /* Pods */,
				EF38992F0E660C8231E8BBD8 /* Frameworks */,
			);
			sourceTree = "<group>";
		};
		2274731E25175C3A00AB7708 /* Products */ = {
			isa = PBXGroup;
			children = (
				2274731D25175C3A00AB7708 /* KnowFacts.app */,
				2274733325175C4500AB7708 /* KnowFactsTests.xctest */,
			);
			name = Products;
			sourceTree = "<group>";
		};
		2274731F25175C3A00AB7708 /* KnowFacts */ = {
			isa = PBXGroup;
			children = (
				22C9FD8625177D36003A4CEF /* Service */,
				22C9FD8525177D10003A4CEF /* Helper */,
				2274734B251761C100AB7708 /* Common */,
				227473442517607200AB7708 /* Configuration */,
				2274734225175EE100AB7708 /* Modules */,
				2274732925175C4400AB7708 /* Assets.xcassets */,
				2274732B25175C4400AB7708 /* LaunchScreen.storyboard */,
				2274732E25175C4400AB7708 /* Info.plist */,
			);
			path = KnowFacts;
			sourceTree = "<group>";
		};
		2274733625175C4500AB7708 /* KnowFactsTests */ = {
			isa = PBXGroup;
			children = (
				2222C64B251791E900FEC0E6 /* ModuleTests */,
				2274733925175C4500AB7708 /* Info.plist */,
				22C9FD9125178EED003A4CEF /* ServicesTest */,
				22C9FD96251790A6003A4CEF /* Resources */,
			);
			path = KnowFactsTests;
			sourceTree = "<group>";
		};
		2274734225175EE100AB7708 /* Modules */ = {
			isa = PBXGroup;
			children = (
				2274734325175EEB00AB7708 /* KF_Home */,
			);
			path = Modules;
			sourceTree = "<group>";
		};
		2274734325175EEB00AB7708 /* KF_Home */ = {
			isa = PBXGroup;
			children = (
				227473542517759800AB7708 /* Model */,
				227473522517759800AB7708 /* ViewModel */,
				22747345251760A200AB7708 /* Controller */,
				2274734A2517612500AB7708 /* Cell */,
			);
			path = KF_Home;
			sourceTree = "<group>";
		};
		227473442517607200AB7708 /* Configuration */ = {
			isa = PBXGroup;
			children = (
				2274732025175C3A00AB7708 /* AppDelegate.swift */,
			);
			path = Configuration;
			sourceTree = "<group>";
		};
		22747345251760A200AB7708 /* Controller */ = {
			isa = PBXGroup;
			children = (
				22747346251760B600AB7708 /* KF_HomeVC.swift */,
			);
			path = Controller;
			sourceTree = "<group>";
		};
		2274734A2517612500AB7708 /* Cell */ = {
			isa = PBXGroup;
			children = (
				227473482517611D00AB7708 /* KF_HomeCell.swift */,
			);
			path = Cell;
			sourceTree = "<group>";
		};
		2274734B251761C100AB7708 /* Common */ = {
			isa = PBXGroup;
			children = (
				2274734C251761CA00AB7708 /* Extension */,
				227473512517621200AB7708 /* Constants */,
			);
			path = Common;
			sourceTree = "<group>";
		};
		2274734C251761CA00AB7708 /* Extension */ = {
			isa = PBXGroup;
			children = (
				2274734D251761D600AB7708 /* UIView+Constraints.swift */,
			);
			path = Extension;
			sourceTree = "<group>";
		};
		227473512517621200AB7708 /* Constants */ = {
			isa = PBXGroup;
			children = (
				2274734F2517620C00AB7708 /* Constants.swift */,
			);
			path = Constants;
			sourceTree = "<group>";
		};
		227473522517759800AB7708 /* ViewModel */ = {
			isa = PBXGroup;
			children = (
				227473532517759800AB7708 /* KF_HomeVM.swift */,
			);
			path = ViewModel;
			sourceTree = "<group>";
		};
		227473542517759800AB7708 /* Model */ = {
			isa = PBXGroup;
			children = (
				227473552517759800AB7708 /* FactsData.swift */,
				227473562517759800AB7708 /* Fact.swift */,
			);
			path = Model;
			sourceTree = "<group>";
		};
		22C9FD8525177D10003A4CEF /* Helper */ = {
			isa = PBXGroup;
			children = (
				22C9FD8725177DE7003A4CEF /* Reachability.swift */,
				22C9FD8925177E33003A4CEF /* Helper.swift */,
			);
			name = Helper;
			path = Common/Helper;
			sourceTree = "<group>";
		};
		22C9FD8625177D36003A4CEF /* Service */ = {
			isa = PBXGroup;
			children = (
				22C9FD8B25177E63003A4CEF /* APIManager.swift */,
			);
			path = Service;
			sourceTree = "<group>";
		};
		22C9FD9125178EED003A4CEF /* ServicesTest */ = {
			isa = PBXGroup;
			children = (
				22C9FD8D25178EA4003A4CEF /* APIStub.swift */,
				22C9FD8F25178ED1003A4CEF /* APIManagerTests.swift */,
			);
			path = ServicesTest;
			sourceTree = "<group>";
		};
		22C9FD96251790A6003A4CEF /* Resources */ = {
			isa = PBXGroup;
			children = (
				22C9FD942517906C003A4CEF /* InvalidResponse.json */,
				22C9FD9725179117003A4CEF /* APIResponse.json */,
			);
			path = Resources;
			sourceTree = "<group>";
		};
		E23B1CE6A8A0949742BDB3B6 /* Pods */ = {
			isa = PBXGroup;
			children = (
				40BD3CE3807920433AD9E9D2 /* Pods-KnowFacts.debug.xcconfig */,
				BA5CF2B07365757C207DB979 /* Pods-KnowFacts.release.xcconfig */,
				1B3FA38E4B3D1CB7DF61AE45 /* Pods-KnowFactsTests.debug.xcconfig */,
				C89A2F4BFE09CE74ECB613F7 /* Pods-KnowFactsTests.release.xcconfig */,
			);
			path = Pods;
			sourceTree = "<group>";
		};
		EF38992F0E660C8231E8BBD8 /* Frameworks */ = {
			isa = PBXGroup;
			children = (
				297AEC3D46F99BC071A723F3 /* Pods_KnowFacts.framework */,
				FB09CB9BA094F83B6363371C /* Pods_KnowFactsTests.framework */,
			);
			name = Frameworks;
			sourceTree = "<group>";
		};
/* End PBXGroup section */

/* Begin PBXNativeTarget section */
		2274731C25175C3A00AB7708 /* KnowFacts */ = {
			isa = PBXNativeTarget;
			buildConfigurationList = 2274733C25175C4500AB7708 /* Build configuration list for PBXNativeTarget "KnowFacts" */;
			buildPhases = (
				12B060EE88BD6FA1E1DE7B3A /* [CP] Check Pods Manifest.lock */,
				2274731925175C3A00AB7708 /* Sources */,
				2274731A25175C3A00AB7708 /* Frameworks */,
				2274731B25175C3A00AB7708 /* Resources */,
				686808FE8B36D40BD1EEB9E3 /* [CP] Embed Pods Frameworks */,
			);
			buildRules = (
			);
			dependencies = (
			);
			name = KnowFacts;
			productName = KnowFacts;
			productReference = 2274731D25175C3A00AB7708 /* KnowFacts.app */;
			productType = "com.apple.product-type.application";
		};
		2274733225175C4500AB7708 /* KnowFactsTests */ = {
			isa = PBXNativeTarget;
			buildConfigurationList = 2274733F25175C4500AB7708 /* Build configuration list for PBXNativeTarget "KnowFactsTests" */;
			buildPhases = (
				96E48CEC0E51D91B85FC16F5 /* [CP] Check Pods Manifest.lock */,
				2274732F25175C4500AB7708 /* Sources */,
				2274733025175C4500AB7708 /* Frameworks */,
				2274733125175C4500AB7708 /* Resources */,
				8BA4A3014037C0F59AA5FA4B /* [CP] Embed Pods Frameworks */,
			);
			buildRules = (
			);
			dependencies = (
				2274733525175C4500AB7708 /* PBXTargetDependency */,
			);
			name = KnowFactsTests;
			productName = KnowFactsTests;
			productReference = 2274733325175C4500AB7708 /* KnowFactsTests.xctest */;
			productType = "com.apple.product-type.bundle.unit-test";
		};
/* End PBXNativeTarget section */

/* Begin PBXProject section */
		2274731525175C3A00AB7708 /* Project object */ = {
			isa = PBXProject;
			attributes = {
				LastSwiftUpdateCheck = 1130;
				LastUpgradeCheck = 1130;
				ORGANIZATIONNAME = spicarawat;
				TargetAttributes = {
					2274731C25175C3A00AB7708 = {
						CreatedOnToolsVersion = 11.3.1;
					};
					2274733225175C4500AB7708 = {
						CreatedOnToolsVersion = 11.3.1;
						TestTargetID = 2274731C25175C3A00AB7708;
					};
				};
			};
			buildConfigurationList = 2274731825175C3A00AB7708 /* Build configuration list for PBXProject "KnowFacts" */;
			compatibilityVersion = "Xcode 9.3";
			developmentRegion = en;
			hasScannedForEncodings = 0;
			knownRegions = (
				en,
				Base,
			);
			mainGroup = 2274731425175C3A00AB7708;
			productRefGroup = 2274731E25175C3A00AB7708 /* Products */;
			projectDirPath = "";
			projectRoot = "";
			targets = (
				2274731C25175C3A00AB7708 /* KnowFacts */,
				2274733225175C4500AB7708 /* KnowFactsTests */,
			);
		};
/* End PBXProject section */

/* Begin PBXResourcesBuildPhase section */
		2274731B25175C3A00AB7708 /* Resources */ = {
			isa = PBXResourcesBuildPhase;
			buildActionMask = 2147483647;
			files = (
				2274732D25175C4400AB7708 /* LaunchScreen.storyboard in Resources */,
				2274732A25175C4400AB7708 /* Assets.xcassets in Resources */,
			);
			runOnlyForDeploymentPostprocessing = 0;
		};
		2274733125175C4500AB7708 /* Resources */ = {
			isa = PBXResourcesBuildPhase;
			buildActionMask = 2147483647;
			files = (
				22C9FD952517906C003A4CEF /* InvalidResponse.json in Resources */,
				22C9FD9825179117003A4CEF /* APIResponse.json in Resources */,
			);
			runOnlyForDeploymentPostprocessing = 0;
		};
/* End PBXResourcesBuildPhase section */

/* Begin PBXShellScriptBuildPhase section */
		12B060EE88BD6FA1E1DE7B3A /* [CP] Check Pods Manifest.lock */ = {
			isa = PBXShellScriptBuildPhase;
			buildActionMask = 2147483647;
			files = (
			);
			inputFileListPaths = (
			);
			inputPaths = (
				"${PODS_PODFILE_DIR_PATH}/Podfile.lock",
				"${PODS_ROOT}/Manifest.lock",
			);
			name = "[CP] Check Pods Manifest.lock";
			outputFileListPaths = (
			);
			outputPaths = (
				"$(DERIVED_FILE_DIR)/Pods-KnowFacts-checkManifestLockResult.txt",
			);
			runOnlyForDeploymentPostprocessing = 0;
			shellPath = /bin/sh;
			shellScript = "diff \"${PODS_PODFILE_DIR_PATH}/Podfile.lock\" \"${PODS_ROOT}/Manifest.lock\" > /dev/null\nif [ $? != 0 ] ; then\n    # print error to STDERR\n    echo \"error: The sandbox is not in sync with the Podfile.lock. Run 'pod install' or update your CocoaPods installation.\" >&2\n    exit 1\nfi\n# This output is used by Xcode 'outputs' to avoid re-running this script phase.\necho \"SUCCESS\" > \"${SCRIPT_OUTPUT_FILE_0}\"\n";
			showEnvVarsInLog = 0;
		};
		686808FE8B36D40BD1EEB9E3 /* [CP] Embed Pods Frameworks */ = {
			isa = PBXShellScriptBuildPhase;
			buildActionMask = 2147483647;
			files = (
			);
			inputFileListPaths = (
				"${PODS_ROOT}/Target Support Files/Pods-KnowFacts/Pods-KnowFacts-frameworks-${CONFIGURATION}-input-files.xcfilelist",
			);
			name = "[CP] Embed Pods Frameworks";
			outputFileListPaths = (
				"${PODS_ROOT}/Target Support Files/Pods-KnowFacts/Pods-KnowFacts-frameworks-${CONFIGURATION}-output-files.xcfilelist",
			);
			runOnlyForDeploymentPostprocessing = 0;
			shellPath = /bin/sh;
			shellScript = "\"${PODS_ROOT}/Target Support Files/Pods-KnowFacts/Pods-KnowFacts-frameworks.sh\"\n";
			showEnvVarsInLog = 0;
		};
		8BA4A3014037C0F59AA5FA4B /* [CP] Embed Pods Frameworks */ = {
			isa = PBXShellScriptBuildPhase;
			buildActionMask = 2147483647;
			files = (
			);
			inputFileListPaths = (
				"${PODS_ROOT}/Target Support Files/Pods-KnowFactsTests/Pods-KnowFactsTests-frameworks-${CONFIGURATION}-input-files.xcfilelist",
			);
			name = "[CP] Embed Pods Frameworks";
			outputFileListPaths = (
				"${PODS_ROOT}/Target Support Files/Pods-KnowFactsTests/Pods-KnowFactsTests-frameworks-${CONFIGURATION}-output-files.xcfilelist",
			);
			runOnlyForDeploymentPostprocessing = 0;
			shellPath = /bin/sh;
			shellScript = "\"${PODS_ROOT}/Target Support Files/Pods-KnowFactsTests/Pods-KnowFactsTests-frameworks.sh\"\n";
			showEnvVarsInLog = 0;
		};
		96E48CEC0E51D91B85FC16F5 /* [CP] Check Pods Manifest.lock */ = {
			isa = PBXShellScriptBuildPhase;
			buildActionMask = 2147483647;
			files = (
			);
			inputFileListPaths = (
			);
			inputPaths = (
				"${PODS_PODFILE_DIR_PATH}/Podfile.lock",
				"${PODS_ROOT}/Manifest.lock",
			);
			name = "[CP] Check Pods Manifest.lock";
			outputFileListPaths = (
			);
			outputPaths = (
				"$(DERIVED_FILE_DIR)/Pods-KnowFactsTests-checkManifestLockResult.txt",
			);
			runOnlyForDeploymentPostprocessing = 0;
			shellPath = /bin/sh;
			shellScript = "diff \"${PODS_PODFILE_DIR_PATH}/Podfile.lock\" \"${PODS_ROOT}/Manifest.lock\" > /dev/null\nif [ $? != 0 ] ; then\n    # print error to STDERR\n    echo \"error: The sandbox is not in sync with the Podfile.lock. Run 'pod install' or update your CocoaPods installation.\" >&2\n    exit 1\nfi\n# This output is used by Xcode 'outputs' to avoid re-running this script phase.\necho \"SUCCESS\" > \"${SCRIPT_OUTPUT_FILE_0}\"\n";
			showEnvVarsInLog = 0;
		};
/* End PBXShellScriptBuildPhase section */

/* Begin PBXSourcesBuildPhase section */
		2274731925175C3A00AB7708 /* Sources */ = {
			isa = PBXSourcesBuildPhase;
			buildActionMask = 2147483647;
			files = (
				22C9FD8825177DE7003A4CEF /* Reachability.swift in Sources */,
				227473492517611D00AB7708 /* KF_HomeCell.swift in Sources */,
				22747347251760B600AB7708 /* KF_HomeVC.swift in Sources */,
				2274734E251761D600AB7708 /* UIView+Constraints.swift in Sources */,
				227473592517759800AB7708 /* Fact.swift in Sources */,
				2274732125175C3A00AB7708 /* AppDelegate.swift in Sources */,
				227473582517759800AB7708 /* FactsData.swift in Sources */,
				22C9FD8A25177E33003A4CEF /* Helper.swift in Sources */,
				22C9FD8C25177E63003A4CEF /* APIManager.swift in Sources */,
				227473502517620C00AB7708 /* Constants.swift in Sources */,
				227473572517759800AB7708 /* KF_HomeVM.swift in Sources */,
			);
			runOnlyForDeploymentPostprocessing = 0;
		};
		2274732F25175C4500AB7708 /* Sources */ = {
			isa = PBXSourcesBuildPhase;
			buildActionMask = 2147483647;
			files = (
				22C9FD8E25178EA4003A4CEF /* APIStub.swift in Sources */,
				2222C650251792E300FEC0E6 /* KF_HomeCellTests.swift in Sources */,
				2222C64E2517922000FEC0E6 /* KF_HomeVMTests.swift in Sources */,
				22C9FD9025178ED1003A4CEF /* APIManagerTests.swift in Sources */,
			);
			runOnlyForDeploymentPostprocessing = 0;
		};
/* End PBXSourcesBuildPhase section */

/* Begin PBXTargetDependency section */
		2274733525175C4500AB7708 /* PBXTargetDependency */ = {
			isa = PBXTargetDependency;
			target = 2274731C25175C3A00AB7708 /* KnowFacts */;
			targetProxy = 2274733425175C4500AB7708 /* PBXContainerItemProxy */;
		};
/* End PBXTargetDependency section */

/* Begin PBXVariantGroup section */
		2274732B25175C4400AB7708 /* LaunchScreen.storyboard */ = {
			isa = PBXVariantGroup;
			children = (
				2274732C25175C4400AB7708 /* Base */,
			);
			name = LaunchScreen.storyboard;
			sourceTree = "<group>";
		};
/* End PBXVariantGroup section */

/* Begin XCBuildConfiguration section */
		2274733A25175C4500AB7708 /* Debug */ = {
			isa = XCBuildConfiguration;
			buildSettings = {
				ALWAYS_SEARCH_USER_PATHS = NO;
				CLANG_ANALYZER_NONNULL = YES;
				CLANG_ANALYZER_NUMBER_OBJECT_CONVERSION = YES_AGGRESSIVE;
				CLANG_CXX_LANGUAGE_STANDARD = "gnu++14";
				CLANG_CXX_LIBRARY = "libc++";
				CLANG_ENABLE_MODULES = YES;
				CLANG_ENABLE_OBJC_ARC = YES;
				CLANG_ENABLE_OBJC_WEAK = YES;
				CLANG_WARN_BLOCK_CAPTURE_AUTORELEASING = YES;
				CLANG_WARN_BOOL_CONVERSION = YES;
				CLANG_WARN_COMMA = YES;
				CLANG_WARN_CONSTANT_CONVERSION = YES;
				CLANG_WARN_DEPRECATED_OBJC_IMPLEMENTATIONS = YES;
				CLANG_WARN_DIRECT_OBJC_ISA_USAGE = YES_ERROR;
				CLANG_WARN_DOCUMENTATION_COMMENTS = YES;
				CLANG_WARN_EMPTY_BODY = YES;
				CLANG_WARN_ENUM_CONVERSION = YES;
				CLANG_WARN_INFINITE_RECURSION = YES;
				CLANG_WARN_INT_CONVERSION = YES;
				CLANG_WARN_NON_LITERAL_NULL_CONVERSION = YES;
				CLANG_WARN_OBJC_IMPLICIT_RETAIN_SELF = YES;
				CLANG_WARN_OBJC_LITERAL_CONVERSION = YES;
				CLANG_WARN_OBJC_ROOT_CLASS = YES_ERROR;
				CLANG_WARN_RANGE_LOOP_ANALYSIS = YES;
				CLANG_WARN_STRICT_PROTOTYPES = YES;
				CLANG_WARN_SUSPICIOUS_MOVE = YES;
				CLANG_WARN_UNGUARDED_AVAILABILITY = YES_AGGRESSIVE;
				CLANG_WARN_UNREACHABLE_CODE = YES;
				CLANG_WARN__DUPLICATE_METHOD_MATCH = YES;
				COPY_PHASE_STRIP = NO;
				DEBUG_INFORMATION_FORMAT = dwarf;
				ENABLE_STRICT_OBJC_MSGSEND = YES;
				ENABLE_TESTABILITY = YES;
				GCC_C_LANGUAGE_STANDARD = gnu11;
				GCC_DYNAMIC_NO_PIC = NO;
				GCC_NO_COMMON_BLOCKS = YES;
				GCC_OPTIMIZATION_LEVEL = 0;
				GCC_PREPROCESSOR_DEFINITIONS = (
					"DEBUG=1",
					"$(inherited)",
				);
				GCC_WARN_64_TO_32_BIT_CONVERSION = YES;
				GCC_WARN_ABOUT_RETURN_TYPE = YES_ERROR;
				GCC_WARN_UNDECLARED_SELECTOR = YES;
				GCC_WARN_UNINITIALIZED_AUTOS = YES_AGGRESSIVE;
				GCC_WARN_UNUSED_FUNCTION = YES;
				GCC_WARN_UNUSED_VARIABLE = YES;
				IPHONEOS_DEPLOYMENT_TARGET = 10.3;
				MTL_ENABLE_DEBUG_INFO = INCLUDE_SOURCE;
				MTL_FAST_MATH = YES;
				ONLY_ACTIVE_ARCH = YES;
				SDKROOT = iphoneos;
				SWIFT_ACTIVE_COMPILATION_CONDITIONS = DEBUG;
				SWIFT_OPTIMIZATION_LEVEL = "-Onone";
			};
			name = Debug;
		};
		2274733B25175C4500AB7708 /* Release */ = {
			isa = XCBuildConfiguration;
			buildSettings = {
				ALWAYS_SEARCH_USER_PATHS = NO;
				CLANG_ANALYZER_NONNULL = YES;
				CLANG_ANALYZER_NUMBER_OBJECT_CONVERSION = YES_AGGRESSIVE;
				CLANG_CXX_LANGUAGE_STANDARD = "gnu++14";
				CLANG_CXX_LIBRARY = "libc++";
				CLANG_ENABLE_MODULES = YES;
				CLANG_ENABLE_OBJC_ARC = YES;
				CLANG_ENABLE_OBJC_WEAK = YES;
				CLANG_WARN_BLOCK_CAPTURE_AUTORELEASING = YES;
				CLANG_WARN_BOOL_CONVERSION = YES;
				CLANG_WARN_COMMA = YES;
				CLANG_WARN_CONSTANT_CONVERSION = YES;
				CLANG_WARN_DEPRECATED_OBJC_IMPLEMENTATIONS = YES;
				CLANG_WARN_DIRECT_OBJC_ISA_USAGE = YES_ERROR;
				CLANG_WARN_DOCUMENTATION_COMMENTS = YES;
				CLANG_WARN_EMPTY_BODY = YES;
				CLANG_WARN_ENUM_CONVERSION = YES;
				CLANG_WARN_INFINITE_RECURSION = YES;
				CLANG_WARN_INT_CONVERSION = YES;
				CLANG_WARN_NON_LITERAL_NULL_CONVERSION = YES;
				CLANG_WARN_OBJC_IMPLICIT_RETAIN_SELF = YES;
				CLANG_WARN_OBJC_LITERAL_CONVERSION = YES;
				CLANG_WARN_OBJC_ROOT_CLASS = YES_ERROR;
				CLANG_WARN_RANGE_LOOP_ANALYSIS = YES;
				CLANG_WARN_STRICT_PROTOTYPES = YES;
				CLANG_WARN_SUSPICIOUS_MOVE = YES;
				CLANG_WARN_UNGUARDED_AVAILABILITY = YES_AGGRESSIVE;
				CLANG_WARN_UNREACHABLE_CODE = YES;
				CLANG_WARN__DUPLICATE_METHOD_MATCH = YES;
				COPY_PHASE_STRIP = NO;
				DEBUG_INFORMATION_FORMAT = "dwarf-with-dsym";
				ENABLE_NS_ASSERTIONS = NO;
				ENABLE_STRICT_OBJC_MSGSEND = YES;
				GCC_C_LANGUAGE_STANDARD = gnu11;
				GCC_NO_COMMON_BLOCKS = YES;
				GCC_WARN_64_TO_32_BIT_CONVERSION = YES;
				GCC_WARN_ABOUT_RETURN_TYPE = YES_ERROR;
				GCC_WARN_UNDECLARED_SELECTOR = YES;
				GCC_WARN_UNINITIALIZED_AUTOS = YES_AGGRESSIVE;
				GCC_WARN_UNUSED_FUNCTION = YES;
				GCC_WARN_UNUSED_VARIABLE = YES;
				IPHONEOS_DEPLOYMENT_TARGET = 10.3;
				MTL_ENABLE_DEBUG_INFO = NO;
				MTL_FAST_MATH = YES;
				SDKROOT = iphoneos;
				SWIFT_COMPILATION_MODE = wholemodule;
				SWIFT_OPTIMIZATION_LEVEL = "-O";
				VALIDATE_PRODUCT = YES;
			};
			name = Release;
		};
		2274733D25175C4500AB7708 /* Debug */ = {
			isa = XCBuildConfiguration;
			baseConfigurationReference = 40BD3CE3807920433AD9E9D2 /* Pods-KnowFacts.debug.xcconfig */;
			buildSettings = {
				ASSETCATALOG_COMPILER_APPICON_NAME = AppIcon;
				CODE_SIGN_STYLE = Automatic;
				INFOPLIST_FILE = KnowFacts/Info.plist;
				LD_RUNPATH_SEARCH_PATHS = (
					"$(inherited)",
					"@executable_path/Frameworks",
				);
				PRODUCT_BUNDLE_IDENTIFIER = com.KnowFacts;
				PRODUCT_NAME = "$(TARGET_NAME)";
				SWIFT_VERSION = 5.0;
				TARGETED_DEVICE_FAMILY = "1,2";
			};
			name = Debug;
		};
		2274733E25175C4500AB7708 /* Release */ = {
			isa = XCBuildConfiguration;
			baseConfigurationReference = BA5CF2B07365757C207DB979 /* Pods-KnowFacts.release.xcconfig */;
			buildSettings = {
				ASSETCATALOG_COMPILER_APPICON_NAME = AppIcon;
				CODE_SIGN_STYLE = Automatic;
				INFOPLIST_FILE = KnowFacts/Info.plist;
				LD_RUNPATH_SEARCH_PATHS = (
					"$(inherited)",
					"@executable_path/Frameworks",
				);
				PRODUCT_BUNDLE_IDENTIFIER = com.KnowFacts;
				PRODUCT_NAME = "$(TARGET_NAME)";
				SWIFT_VERSION = 5.0;
				TARGETED_DEVICE_FAMILY = "1,2";
			};
			name = Release;
		};
		2274734025175C4500AB7708 /* Debug */ = {
			isa = XCBuildConfiguration;
			baseConfigurationReference = 1B3FA38E4B3D1CB7DF61AE45 /* Pods-KnowFactsTests.debug.xcconfig */;
			buildSettings = {
				ALWAYS_EMBED_SWIFT_STANDARD_LIBRARIES = YES;
				BUNDLE_LOADER = "$(TEST_HOST)";
				CODE_SIGN_STYLE = Automatic;
				INFOPLIST_FILE = KnowFactsTests/Info.plist;
				IPHONEOS_DEPLOYMENT_TARGET = 13.2;
				LD_RUNPATH_SEARCH_PATHS = (
					"$(inherited)",
					"@executable_path/Frameworks",
					"@loader_path/Frameworks",
				);
				PRODUCT_BUNDLE_IDENTIFIER = com.KnowFactsTests;
				PRODUCT_NAME = "$(TARGET_NAME)";
				SWIFT_VERSION = 5.0;
				TARGETED_DEVICE_FAMILY = "1,2";
				TEST_HOST = "$(BUILT_PRODUCTS_DIR)/KnowFacts.app/KnowFacts";
			};
			name = Debug;
		};
		2274734125175C4500AB7708 /* Release */ = {
			isa = XCBuildConfiguration;
			baseConfigurationReference = C89A2F4BFE09CE74ECB613F7 /* Pods-KnowFactsTests.release.xcconfig */;
			buildSettings = {
				ALWAYS_EMBED_SWIFT_STANDARD_LIBRARIES = YES;
				BUNDLE_LOADER = "$(TEST_HOST)";
				CODE_SIGN_STYLE = Automatic;
				INFOPLIST_FILE = KnowFactsTests/Info.plist;
				IPHONEOS_DEPLOYMENT_TARGET = 13.2;
				LD_RUNPATH_SEARCH_PATHS = (
					"$(inherited)",
					"@executable_path/Frameworks",
					"@loader_path/Frameworks",
				);
				PRODUCT_BUNDLE_IDENTIFIER = com.KnowFactsTests;
				PRODUCT_NAME = "$(TARGET_NAME)";
				SWIFT_VERSION = 5.0;
				TARGETED_DEVICE_FAMILY = "1,2";
				TEST_HOST = "$(BUILT_PRODUCTS_DIR)/KnowFacts.app/KnowFacts";
			};
			name = Release;
		};
/* End XCBuildConfiguration section */

/* Begin XCConfigurationList section */
		2274731825175C3A00AB7708 /* Build configuration list for PBXProject "KnowFacts" */ = {
			isa = XCConfigurationList;
			buildConfigurations = (
				2274733A25175C4500AB7708 /* Debug */,
				2274733B25175C4500AB7708 /* Release */,
			);
			defaultConfigurationIsVisible = 0;
			defaultConfigurationName = Release;
		};
		2274733C25175C4500AB7708 /* Build configuration list for PBXNativeTarget "KnowFacts" */ = {
			isa = XCConfigurationList;
			buildConfigurations = (
				2274733D25175C4500AB7708 /* Debug */,
				2274733E25175C4500AB7708 /* Release */,
			);
			defaultConfigurationIsVisible = 0;
			defaultConfigurationName = Release;
		};
		2274733F25175C4500AB7708 /* Build configuration list for PBXNativeTarget "KnowFactsTests" */ = {
			isa = XCConfigurationList;
			buildConfigurations = (
				2274734025175C4500AB7708 /* Debug */,
				2274734125175C4500AB7708 /* Release */,
			);
			defaultConfigurationIsVisible = 0;
			defaultConfigurationName = Release;
		};
/* End XCConfigurationList section */
	};
	rootObject = 2274731525175C3A00AB7708 /* Project object */;
}
